// !$*UTF8*$!
{
	archiveVersion = 1;
	classes = {
	};
	objectVersion = 56;
	objects = {

/* Begin PBXBuildFile section */
		6410A5402C7CC22F00D2F450 /* GameApp.swift in Sources */ = {isa = PBXBuildFile; fileRef = 6410A53F2C7CC22F00D2F450 /* GameApp.swift */; };
		6410A5422C7CC22F00D2F450 /* ContentView.swift in Sources */ = {isa = PBXBuildFile; fileRef = 6410A5412C7CC22F00D2F450 /* ContentView.swift */; };
		6410A5442C7CC23100D2F450 /* Assets.xcassets in Resources */ = {isa = PBXBuildFile; fileRef = 6410A5432C7CC23100D2F450 /* Assets.xcassets */; };
		6410A5472C7CC23100D2F450 /* Preview Assets.xcassets in Resources */ = {isa = PBXBuildFile; fileRef = 6410A5462C7CC23100D2F450 /* Preview Assets.xcassets */; };
		6410A5512C7CC23100D2F450 /* GameTests.swift in Sources */ = {isa = PBXBuildFile; fileRef = 6410A5502C7CC23100D2F450 /* GameTests.swift */; };
		6410A55B2C7CC23100D2F450 /* GameUITests.swift in Sources */ = {isa = PBXBuildFile; fileRef = 6410A55A2C7CC23100D2F450 /* GameUITests.swift */; };
		6410A55D2C7CC23100D2F450 /* GameUITestsLaunchTests.swift in Sources */ = {isa = PBXBuildFile; fileRef = 6410A55C2C7CC23100D2F450 /* GameUITestsLaunchTests.swift */; };
/* End PBXBuildFile section */

/* Begin PBXContainerItemProxy section */
		6410A54D2C7CC23100D2F450 /* PBXContainerItemProxy */ = {
			isa = PBXContainerItemProxy;
			containerPortal = 6410A5342C7CC22F00D2F450 /* Project object */;
			proxyType = 1;
			remoteGlobalIDString = 6410A53B2C7CC22F00D2F450;
			remoteInfo = Game;
		};
		6410A5572C7CC23100D2F450 /* PBXContainerItemProxy */ = {
			isa = PBXContainerItemProxy;
			containerPortal = 6410A5342C7CC22F00D2F450 /* Project object */;
			proxyType = 1;
			remoteGlobalIDString = 6410A53B2C7CC22F00D2F450;
			remoteInfo = Game;
		};
/* End PBXContainerItemProxy section */

/* Begin PBXFileReference section */
		6410A53C2C7CC22F00D2F450 /* Game.app */ = {isa = PBXFileReference; explicitFileType = wrapper.application; includeInIndex = 0; path = Game.app; sourceTree = BUILT_PRODUCTS_DIR; };
		6410A53F2C7CC22F00D2F450 /* GameApp.swift */ = {isa = PBXFileReference; lastKnownFileType = sourcecode.swift; path = GameApp.swift; sourceTree = "<group>"; };
		6410A5412C7CC22F00D2F450 /* ContentView.swift */ = {isa = PBXFileReference; lastKnownFileType = sourcecode.swift; path = ContentView.swift; sourceTree = "<group>"; };
		6410A5432C7CC23100D2F450 /* Assets.xcassets */ = {isa = PBXFileReference; lastKnownFileType = folder.assetcatalog; path = Assets.xcassets; sourceTree = "<group>"; };
		6410A5462C7CC23100D2F450 /* Preview Assets.xcassets */ = {isa = PBXFileReference; lastKnownFileType = folder.assetcatalog; path = "Preview Assets.xcassets"; sourceTree = "<group>"; };
		6410A54C2C7CC23100D2F450 /* GameTests.xctest */ = {isa = PBXFileReference; explicitFileType = wrapper.cfbundle; includeInIndex = 0; path = GameTests.xctest; sourceTree = BUILT_PRODUCTS_DIR; };
		6410A5502C7CC23100D2F450 /* GameTests.swift */ = {isa = PBXFileReference; lastKnownFileType = sourcecode.swift; path = GameTests.swift; sourceTree = "<group>"; };
		6410A5562C7CC23100D2F450 /* GameUITests.xctest */ = {isa = PBXFileReference; explicitFileType = wrapper.cfbundle; includeInIndex = 0; path = GameUITests.xctest; sourceTree = BUILT_PRODUCTS_DIR; };
		6410A55A2C7CC23100D2F450 /* GameUITests.swift */ = {isa = PBXFileReference; lastKnownFileType = sourcecode.swift; path = GameUITests.swift; sourceTree = "<group>"; };
		6410A55C2C7CC23100D2F450 /* GameUITestsLaunchTests.swift */ = {isa = PBXFileReference; lastKnownFileType = sourcecode.swift; path = GameUITestsLaunchTests.swift; sourceTree = "<group>"; };
/* End PBXFileReference section */

/* Begin PBXFrameworksBuildPhase section */
		6410A5392C7CC22F00D2F450 /* Frameworks */ = {
			isa = PBXFrameworksBuildPhase;
			buildActionMask = 2147483647;
			files = (
			);
			runOnlyForDeploymentPostprocessing = 0;
		};
		6410A5492C7CC23100D2F450 /* Frameworks */ = {
			isa = PBXFrameworksBuildPhase;
			buildActionMask = 2147483647;
			files = (
			);
			runOnlyForDeploymentPostprocessing = 0;
		};
		6410A5532C7CC23100D2F450 /* Frameworks */ = {
			isa = PBXFrameworksBuildPhase;
			buildActionMask = 2147483647;
			files = (
			);
			runOnlyForDeploymentPostprocessing = 0;
		};
/* End PBXFrameworksBuildPhase section */

/* Begin PBXGroup section */
		6410A5332C7CC22F00D2F450 = {
			isa = PBXGroup;
			children = (
				6410A53E2C7CC22F00D2F450 /* Game */,
				6410A54F2C7CC23100D2F450 /* GameTests */,
				6410A5592C7CC23100D2F450 /* GameUITests */,
				6410A53D2C7CC22F00D2F450 /* Products */,
			);
			sourceTree = "<group>";
		};
		6410A53D2C7CC22F00D2F450 /* Products */ = {
			isa = PBXGroup;
			children = (
				6410A53C2C7CC22F00D2F450 /* Game.app */,
				6410A54C2C7CC23100D2F450 /* GameTests.xctest */,
				6410A5562C7CC23100D2F450 /* GameUITests.xctest */,
			);
			name = Products;
			sourceTree = "<group>";
		};
		6410A53E2C7CC22F00D2F450 /* Game */ = {
			isa = PBXGroup;
			children = (
				6410A53F2C7CC22F00D2F450 /* GameApp.swift */,
				6410A5412C7CC22F00D2F450 /* ContentView.swift */,
				6410A5432C7CC23100D2F450 /* Assets.xcassets */,
				6410A5452C7CC23100D2F450 /* Preview Content */,
			);
			path = Game;
			sourceTree = "<group>";
		};
		6410A5452C7CC23100D2F450 /* Preview Content */ = {
			isa = PBXGroup;
			children = (
				6410A5462C7CC23100D2F450 /* Preview Assets.xcassets */,
			);
			path = "Preview Content";
			sourceTree = "<group>";
		};
		6410A54F2C7CC23100D2F450 /* GameTests */ = {
			isa = PBXGroup;
			children = (
				6410A5502C7CC23100D2F450 /* GameTests.swift */,
			);
			path = GameTests;
			sourceTree = "<group>";
		};
		6410A5592C7CC23100D2F450 /* GameUITests */ = {
			isa = PBXGroup;
			children = (
				6410A55A2C7CC23100D2F450 /* GameUITests.swift */,
				6410A55C2C7CC23100D2F450 /* GameUITestsLaunchTests.swift */,
			);
			path = GameUITests;
			sourceTree = "<group>";
		};
/* End PBXGroup section */

/* Begin PBXNativeTarget section */
		6410A53B2C7CC22F00D2F450 /* Game */ = {
			isa = PBXNativeTarget;
			buildConfigurationList = 6410A5602C7CC23100D2F450 /* Build configuration list for PBXNativeTarget "Game" */;
			buildPhases = (
				6410A5382C7CC22F00D2F450 /* Sources */,
				6410A5392C7CC22F00D2F450 /* Frameworks */,
				6410A53A2C7CC22F00D2F450 /* Resources */,
			);
			buildRules = (
			);
			dependencies = (
			);
			name = Game;
			productName = Game;
			productReference = 6410A53C2C7CC22F00D2F450 /* Game.app */;
			productType = "com.apple.product-type.application";
		};
		6410A54B2C7CC23100D2F450 /* GameTests */ = {
			isa = PBXNativeTarget;
			buildConfigurationList = 6410A5632C7CC23100D2F450 /* Build configuration list for PBXNativeTarget "GameTests" */;
			buildPhases = (
				6410A5482C7CC23100D2F450 /* Sources */,
				6410A5492C7CC23100D2F450 /* Frameworks */,
				6410A54A2C7CC23100D2F450 /* Resources */,
			);
			buildRules = (
			);
			dependencies = (
				6410A54E2C7CC23100D2F450 /* PBXTargetDependency */,
			);
			name = GameTests;
			productName = GameTests;
			productReference = 6410A54C2C7CC23100D2F450 /* GameTests.xctest */;
			productType = "com.apple.product-type.bundle.unit-test";
		};
		6410A5552C7CC23100D2F450 /* GameUITests */ = {
			isa = PBXNativeTarget;
			buildConfigurationList = 6410A5662C7CC23100D2F450 /* Build configuration list for PBXNativeTarget "GameUITests" */;
			buildPhases = (
				6410A5522C7CC23100D2F450 /* Sources */,
				6410A5532C7CC23100D2F450 /* Frameworks */,
				6410A5542C7CC23100D2F450 /* Resources */,
			);
			buildRules = (
			);
			dependencies = (
				6410A5582C7CC23100D2F450 /* PBXTargetDependency */,
			);
			name = GameUITests;
			productName = GameUITests;
			productReference = 6410A5562C7CC23100D2F450 /* GameUITests.xctest */;
			productType = "com.apple.product-type.bundle.ui-testing";
		};
/* End PBXNativeTarget section */

/* Begin PBXProject section */
		6410A5342C7CC22F00D2F450 /* Project object */ = {
			isa = PBXProject;
			attributes = {
				BuildIndependentTargetsInParallel = 1;
				LastSwiftUpdateCheck = 1540;
				LastUpgradeCheck = 1540;
				TargetAttributes = {
					6410A53B2C7CC22F00D2F450 = {
						CreatedOnToolsVersion = 15.4;
					};
					6410A54B2C7CC23100D2F450 = {
						CreatedOnToolsVersion = 15.4;
						TestTargetID = 6410A53B2C7CC22F00D2F450;
					};
					6410A5552C7CC23100D2F450 = {
						CreatedOnToolsVersion = 15.4;
						TestTargetID = 6410A53B2C7CC22F00D2F450;
					};
				};
			};
			buildConfigurationList = 6410A5372C7CC22F00D2F450 /* Build configuration list for PBXProject "Game" */;
			compatibilityVersion = "Xcode 14.0";
			developmentRegion = en;
			hasScannedForEncodings = 0;
			knownRegions = (
				en,
				Base,
			);
			mainGroup = 6410A5332C7CC22F00D2F450;
			productRefGroup = 6410A53D2C7CC22F00D2F450 /* Products */;
			projectDirPath = "";
			projectRoot = "";
			targets = (
				6410A53B2C7CC22F00D2F450 /* Game */,
				6410A54B2C7CC23100D2F450 /* GameTests */,
				6410A5552C7CC23100D2F450 /* GameUITests */,
			);
		};
/* End PBXProject section */

/* Begin PBXResourcesBuildPhase section */
		6410A53A2C7CC22F00D2F450 /* Resources */ = {
			isa = PBXResourcesBuildPhase;
			buildActionMask = 2147483647;
			files = (
				6410A5472C7CC23100D2F450 /* Preview Assets.xcassets in Resources */,
				6410A5442C7CC23100D2F450 /* Assets.xcassets in Resources */,
			);
			runOnlyForDeploymentPostprocessing = 0;
		};
		6410A54A2C7CC23100D2F450 /* Resources */ = {
			isa = PBXResourcesBuildPhase;
			buildActionMask = 2147483647;
			files = (
			);
			runOnlyForDeploymentPostprocessing = 0;
		};
		6410A5542C7CC23100D2F450 /* Resources */ = {
			isa = PBXResourcesBuildPhase;
			buildActionMask = 2147483647;
			files = (
			);
			runOnlyForDeploymentPostprocessing = 0;
		};
/* End PBXResourcesBuildPhase section */

/* Begin PBXSourcesBuildPhase section */
		6410A5382C7CC22F00D2F450 /* Sources */ = {
			isa = PBXSourcesBuildPhase;
			buildActionMask = 2147483647;
			files = (
				6410A5422C7CC22F00D2F450 /* ContentView.swift in Sources */,
				6410A5402C7CC22F00D2F450 /* GameApp.swift in Sources */,
			);
			runOnlyForDeploymentPostprocessing = 0;
		};
		6410A5482C7CC23100D2F450 /* Sources */ = {
			isa = PBXSourcesBuildPhase;
			buildActionMask = 2147483647;
			files = (
				6410A5512C7CC23100D2F450 /* GameTests.swift in Sources */,
			);
			runOnlyForDeploymentPostprocessing = 0;
		};
		6410A5522C7CC23100D2F450 /* Sources */ = {
			isa = PBXSourcesBuildPhase;
			buildActionMask = 2147483647;
			files = (
				6410A55D2C7CC23100D2F450 /* GameUITestsLaunchTests.swift in Sources */,
				6410A55B2C7CC23100D2F450 /* GameUITests.swift in Sources */,
			);
			runOnlyForDeploymentPostprocessing = 0;
		};
/* End PBXSourcesBuildPhase section */

/* Begin PBXTargetDependency section */
		6410A54E2C7CC23100D2F450 /* PBXTargetDependency */ = {
			isa = PBXTargetDependency;
			target = 6410A53B2C7CC22F00D2F450 /* Game */;
			targetProxy = 6410A54D2C7CC23100D2F450 /* PBXContainerItemProxy */;
		};
		6410A5582C7CC23100D2F450 /* PBXTargetDependency */ = {
			isa = PBXTargetDependency;
			target = 6410A53B2C7CC22F00D2F450 /* Game */;
			targetProxy = 6410A5572C7CC23100D2F450 /* PBXContainerItemProxy */;
		};
/* End PBXTargetDependency section */

/* Begin XCBuildConfiguration section */
		6410A55E2C7CC23100D2F450 /* Debug */ = {
			isa = XCBuildConfiguration;
			buildSettings = {
				ALWAYS_SEARCH_USER_PATHS = NO;
				ASSETCATALOG_COMPILER_GENERATE_SWIFT_ASSET_SYMBOL_EXTENSIONS = YES;
				CLANG_ANALYZER_NONNULL = YES;
				CLANG_ANALYZER_NUMBER_OBJECT_CONVERSION = YES_AGGRESSIVE;
				CLANG_CXX_LANGUAGE_STANDARD = "gnu++20";
				CLANG_ENABLE_MODULES = YES;
				CLANG_ENABLE_OBJC_ARC = YES;
				CLANG_ENABLE_OBJC_WEAK = YES;
				CLANG_WARN_BLOCK_CAPTURE_AUTORELEASING = YES;
				CLANG_WARN_BOOL_CONVERSION = YES;
				CLANG_WARN_COMMA = YES;
				CLANG_WARN_CONSTANT_CONVERSION = YES;
				CLANG_WARN_DEPRECATED_OBJC_IMPLEMENTATIONS = YES;
				CLANG_WARN_DIRECT_OBJC_ISA_USAGE = YES_ERROR;
				CLANG_WARN_DOCUMENTATION_COMMENTS = YES;
				CLANG_WARN_EMPTY_BODY = YES;
				CLANG_WARN_ENUM_CONVERSION = YES;
				CLANG_WARN_INFINITE_RECURSION = YES;
				CLANG_WARN_INT_CONVERSION = YES;
				CLANG_WARN_NON_LITERAL_NULL_CONVERSION = YES;
				CLANG_WARN_OBJC_IMPLICIT_RETAIN_SELF = YES;
				CLANG_WARN_OBJC_LITERAL_CONVERSION = YES;
				CLANG_WARN_OBJC_ROOT_CLASS = YES_ERROR;
				CLANG_WARN_QUOTED_INCLUDE_IN_FRAMEWORK_HEADER = YES;
				CLANG_WARN_RANGE_LOOP_ANALYSIS = YES;
				CLANG_WARN_STRICT_PROTOTYPES = YES;
				CLANG_WARN_SUSPICIOUS_MOVE = YES;
				CLANG_WARN_UNGUARDED_AVAILABILITY = YES_AGGRESSIVE;
				CLANG_WARN_UNREACHABLE_CODE = YES;
				CLANG_WARN__DUPLICATE_METHOD_MATCH = YES;
				COPY_PHASE_STRIP = NO;
				DEBUG_INFORMATION_FORMAT = dwarf;
				ENABLE_STRICT_OBJC_MSGSEND = YES;
				ENABLE_TESTABILITY = YES;
				ENABLE_USER_SCRIPT_SANDBOXING = YES;
				GCC_C_LANGUAGE_STANDARD = gnu17;
				GCC_DYNAMIC_NO_PIC = NO;
				GCC_NO_COMMON_BLOCKS = YES;
				GCC_OPTIMIZATION_LEVEL = 0;
				GCC_PREPROCESSOR_DEFINITIONS = (
					"DEBUG=1",
					"$(inherited)",
				);
				GCC_WARN_64_TO_32_BIT_CONVERSION = YES;
				GCC_WARN_ABOUT_RETURN_TYPE = YES_ERROR;
				GCC_WARN_UNDECLARED_SELECTOR = YES;
				GCC_WARN_UNINITIALIZED_AUTOS = YES_AGGRESSIVE;
				GCC_WARN_UNUSED_FUNCTION = YES;
				GCC_WARN_UNUSED_VARIABLE = YES;
				IPHONEOS_DEPLOYMENT_TARGET = 17.5;
				LOCALIZATION_PREFERS_STRING_CATALOGS = YES;
				MTL_ENABLE_DEBUG_INFO = INCLUDE_SOURCE;
				MTL_FAST_MATH = YES;
				ONLY_ACTIVE_ARCH = YES;
				SDKROOT = iphoneos;
				SWIFT_ACTIVE_COMPILATION_CONDITIONS = "DEBUG $(inherited)";
				SWIFT_OPTIMIZATION_LEVEL = "-Onone";
			};
			name = Debug;
		};
		6410A55F2C7CC23100D2F450 /* Release */ = {
			isa = XCBuildConfiguration;
			buildSettings = {
				ALWAYS_SEARCH_USER_PATHS = NO;
				ASSETCATALOG_COMPILER_GENERATE_SWIFT_ASSET_SYMBOL_EXTENSIONS = YES;
				CLANG_ANALYZER_NONNULL = YES;
				CLANG_ANALYZER_NUMBER_OBJECT_CONVERSION = YES_AGGRESSIVE;
				CLANG_CXX_LANGUAGE_STANDARD = "gnu++20";
				CLANG_ENABLE_MODULES = YES;
				CLANG_ENABLE_OBJC_ARC = YES;
				CLANG_ENABLE_OBJC_WEAK = YES;
				CLANG_WARN_BLOCK_CAPTURE_AUTORELEASING = YES;
				CLANG_WARN_BOOL_CONVERSION = YES;
				CLANG_WARN_COMMA = YES;
				CLANG_WARN_CONSTANT_CONVERSION = YES;
				CLANG_WARN_DEPRECATED_OBJC_IMPLEMENTATIONS = YES;
				CLANG_WARN_DIRECT_OBJC_ISA_USAGE = YES_ERROR;
				CLANG_WARN_DOCUMENTATION_COMMENTS = YES;
				CLANG_WARN_EMPTY_BODY = YES;
				CLANG_WARN_ENUM_CONVERSION = YES;
				CLANG_WARN_INFINITE_RECURSION = YES;
				CLANG_WARN_INT_CONVERSION = YES;
				CLANG_WARN_NON_LITERAL_NULL_CONVERSION = YES;
				CLANG_WARN_OBJC_IMPLICIT_RETAIN_SELF = YES;
				CLANG_WARN_OBJC_LITERAL_CONVERSION = YES;
				CLANG_WARN_OBJC_ROOT_CLASS = YES_ERROR;
				CLANG_WARN_QUOTED_INCLUDE_IN_FRAMEWORK_HEADER = YES;
				CLANG_WARN_RANGE_LOOP_ANALYSIS = YES;
				CLANG_WARN_STRICT_PROTOTYPES = YES;
				CLANG_WARN_SUSPICIOUS_MOVE = YES;
				CLANG_WARN_UNGUARDED_AVAILABILITY = YES_AGGRESSIVE;
				CLANG_WARN_UNREACHABLE_CODE = YES;
				CLANG_WARN__DUPLICATE_METHOD_MATCH = YES;
				COPY_PHASE_STRIP = NO;
				DEBUG_INFORMATION_FORMAT = "dwarf-with-dsym";
				ENABLE_NS_ASSERTIONS = NO;
				ENABLE_STRICT_OBJC_MSGSEND = YES;
				ENABLE_USER_SCRIPT_SANDBOXING = YES;
				GCC_C_LANGUAGE_STANDARD = gnu17;
				GCC_NO_COMMON_BLOCKS = YES;
				GCC_WARN_64_TO_32_BIT_CONVERSION = YES;
				GCC_WARN_ABOUT_RETURN_TYPE = YES_ERROR;
				GCC_WARN_UNDECLARED_SELECTOR = YES;
				GCC_WARN_UNINITIALIZED_AUTOS = YES_AGGRESSIVE;
				GCC_WARN_UNUSED_FUNCTION = YES;
				GCC_WARN_UNUSED_VARIABLE = YES;
				IPHONEOS_DEPLOYMENT_TARGET = 17.5;
				LOCALIZATION_PREFERS_STRING_CATALOGS = YES;
				MTL_ENABLE_DEBUG_INFO = NO;
				MTL_FAST_MATH = YES;
				SDKROOT = iphoneos;
				SWIFT_COMPILATION_MODE = wholemodule;
				VALIDATE_PRODUCT = YES;
			};
			name = Release;
		};
		6410A5612C7CC23100D2F450 /* Debug */ = {
			isa = XCBuildConfiguration;
			buildSettings = {
				ASSETCATALOG_COMPILER_APPICON_NAME = AppIcon;
				ASSETCATALOG_COMPILER_GLOBAL_ACCENT_COLOR_NAME = AccentColor;
				CODE_SIGN_STYLE = Automatic;
				CURRENT_PROJECT_VERSION = 1;
				DEVELOPMENT_ASSET_PATHS = "\"Game/Preview Content\"";
				ENABLE_PREVIEWS = YES;
				GENERATE_INFOPLIST_FILE = YES;
				INFOPLIST_KEY_UIApplicationSceneManifest_Generation = YES;
				INFOPLIST_KEY_UIApplicationSupportsIndirectInputEvents = YES;
				INFOPLIST_KEY_UILaunchScreen_Generation = YES;
				INFOPLIST_KEY_UISupportedInterfaceOrientations_iPad = "UIInterfaceOrientationPortrait UIInterfaceOrientationPortraitUpsideDown UIInterfaceOrientationLandscapeLeft UIInterfaceOrientationLandscapeRight";
				INFOPLIST_KEY_UISupportedInterfaceOrientations_iPhone = "UIInterfaceOrientationPortrait UIInterfaceOrientationLandscapeLeft UIInterfaceOrientationLandscapeRight";
				LD_RUNPATH_SEARCH_PATHS = (
					"$(inherited)",
					"@executable_path/Frameworks",
				);
				MARKETING_VERSION = 1.0;
				PRODUCT_BUNDLE_IDENTIFIER = com.app.Game;
				PRODUCT_NAME = "$(TARGET_NAME)";
				SWIFT_EMIT_LOC_STRINGS = YES;
				SWIFT_VERSION = 5.0;
				TARGETED_DEVICE_FAMILY = "1,2";
			};
			name = Debug;
		};
		6410A5622C7CC23100D2F450 /* Release */ = {
			isa = XCBuildConfiguration;
			buildSettings = {
				ASSETCATALOG_COMPILER_APPICON_NAME = AppIcon;
				ASSETCATALOG_COMPILER_GLOBAL_ACCENT_COLOR_NAME = AccentColor;
				CODE_SIGN_STYLE = Automatic;
				CURRENT_PROJECT_VERSION = 1;
				DEVELOPMENT_ASSET_PATHS = "\"Game/Preview Content\"";
				ENABLE_PREVIEWS = YES;
				GENERATE_INFOPLIST_FILE = YES;
				INFOPLIST_KEY_UIApplicationSceneManifest_Generation = YES;
				INFOPLIST_KEY_UIApplicationSupportsIndirectInputEvents = YES;
				INFOPLIST_KEY_UILaunchScreen_Generation = YES;
				INFOPLIST_KEY_UISupportedInterfaceOrientations_iPad = "UIInterfaceOrientationPortrait UIInterfaceOrientationPortraitUpsideDown UIInterfaceOrientationLandscapeLeft UIInterfaceOrientationLandscapeRight";
				INFOPLIST_KEY_UISupportedInterfaceOrientations_iPhone = "UIInterfaceOrientationPortrait UIInterfaceOrientationLandscapeLeft UIInterfaceOrientationLandscapeRight";
				LD_RUNPATH_SEARCH_PATHS = (
					"$(inherited)",
					"@executable_path/Frameworks",
				);
				MARKETING_VERSION = 1.0;
				PRODUCT_BUNDLE_IDENTIFIER = com.app.Game;
				PRODUCT_NAME = "$(TARGET_NAME)";
				SWIFT_EMIT_LOC_STRINGS = YES;
				SWIFT_VERSION = 5.0;
				TARGETED_DEVICE_FAMILY = "1,2";
			};
			name = Release;
		};
		6410A5642C7CC23100D2F450 /* Debug */ = {
			isa = XCBuildConfiguration;
			buildSettings = {
				ALWAYS_EMBED_SWIFT_STANDARD_LIBRARIES = YES;
				BUNDLE_LOADER = "$(TEST_HOST)";
				CODE_SIGN_STYLE = Automatic;
				CURRENT_PROJECT_VERSION = 1;
				GENERATE_INFOPLIST_FILE = YES;
				IPHONEOS_DEPLOYMENT_TARGET = 17.5;
				MARKETING_VERSION = 1.0;
				PRODUCT_BUNDLE_IDENTIFIER = com.app.GameTests;
				PRODUCT_NAME = "$(TARGET_NAME)";
				SWIFT_EMIT_LOC_STRINGS = NO;
				SWIFT_VERSION = 5.0;
				TARGETED_DEVICE_FAMILY = "1,2";
				TEST_HOST = "$(BUILT_PRODUCTS_DIR)/Game.app/$(BUNDLE_EXECUTABLE_FOLDER_PATH)/Game";
			};
			name = Debug;
		};
		6410A5652C7CC23100D2F450 /* Release */ = {
			isa = XCBuildConfiguration;
			buildSettings = {
				ALWAYS_EMBED_SWIFT_STANDARD_LIBRARIES = YES;
				BUNDLE_LOADER = "$(TEST_HOST)";
				CODE_SIGN_STYLE = Automatic;
				CURRENT_PROJECT_VERSION = 1;
				GENERATE_INFOPLIST_FILE = YES;
				IPHONEOS_DEPLOYMENT_TARGET = 17.5;
				MARKETING_VERSION = 1.0;
				PRODUCT_BUNDLE_IDENTIFIER = com.app.GameTests;
				PRODUCT_NAME = "$(TARGET_NAME)";
				SWIFT_EMIT_LOC_STRINGS = NO;
				SWIFT_VERSION = 5.0;
				TARGETED_DEVICE_FAMILY = "1,2";
				TEST_HOST = "$(BUILT_PRODUCTS_DIR)/Game.app/$(BUNDLE_EXECUTABLE_FOLDER_PATH)/Game";
			};
			name = Release;
		};
		6410A5672C7CC23100D2F450 /* Debug */ = {
			isa = XCBuildConfiguration;
			buildSettings = {
				ALWAYS_EMBED_SWIFT_STANDARD_LIBRARIES = YES;
				CODE_SIGN_STYLE = Automatic;
				CURRENT_PROJECT_VERSION = 1;
				GENERATE_INFOPLIST_FILE = YES;
				MARKETING_VERSION = 1.0;
				PRODUCT_BUNDLE_IDENTIFIER = com.app.GameUITests;
				PRODUCT_NAME = "$(TARGET_NAME)";
				SWIFT_EMIT_LOC_STRINGS = NO;
				SWIFT_VERSION = 5.0;
				TARGETED_DEVICE_FAMILY = "1,2";
				TEST_TARGET_NAME = Game;
			};
			name = Debug;
		};
		6410A5682C7CC23100D2F450 /* Release */ = {
			isa = XCBuildConfiguration;
			buildSettings = {
				ALWAYS_EMBED_SWIFT_STANDARD_LIBRARIES = YES;
				CODE_SIGN_STYLE = Automatic;
				CURRENT_PROJECT_VERSION = 1;
				GENERATE_INFOPLIST_FILE = YES;
				MARKETING_VERSION = 1.0;
				PRODUCT_BUNDLE_IDENTIFIER = com.app.GameUITests;
				PRODUCT_NAME = "$(TARGET_NAME)";
				SWIFT_EMIT_LOC_STRINGS = NO;
				SWIFT_VERSION = 5.0;
				TARGETED_DEVICE_FAMILY = "1,2";
				TEST_TARGET_NAME = Game;
			};
			name = Release;
		};
/* End XCBuildConfiguration section */

/* Begin XCConfigurationList section */
		6410A5372C7CC22F00D2F450 /* Build configuration list for PBXProject "Game" */ = {
			isa = XCConfigurationList;
			buildConfigurations = (
				6410A55E2C7CC23100D2F450 /* Debug */,
				6410A55F2C7CC23100D2F450 /* Release */,
			);
			defaultConfigurationIsVisible = 0;
			defaultConfigurationName = Release;
		};
		6410A5602C7CC23100D2F450 /* Build configuration list for PBXNativeTarget "Game" */ = {
			isa = XCConfigurationList;
			buildConfigurations = (
				6410A5612C7CC23100D2F450 /* Debug */,
				6410A5622C7CC23100D2F450 /* Release */,
			);
			defaultConfigurationIsVisible = 0;
			defaultConfigurationName = Release;
		};
		6410A5632C7CC23100D2F450 /* Build configuration list for PBXNativeTarget "GameTests" */ = {
			isa = XCConfigurationList;
			buildConfigurations = (
				6410A5642C7CC23100D2F450 /* Debug */,
				6410A5652C7CC23100D2F450 /* Release */,
			);
			defaultConfigurationIsVisible = 0;
			defaultConfigurationName = Release;
		};
		6410A5662C7CC23100D2F450 /* Build configuration list for PBXNativeTarget "GameUITests" */ = {
			isa = XCConfigurationList;
			buildConfigurations = (
				6410A5672C7CC23100D2F450 /* Debug */,
				6410A5682C7CC23100D2F450 /* Release */,
			);
			defaultConfigurationIsVisible = 0;
			defaultConfigurationName = Release;
		};
/* End XCConfigurationList section */
	};
	rootObject = 6410A5342C7CC22F00D2F450 /* Project object */;
}
